
Microsoft Visual Studio Solution File, Format Version 12.00
Project("{FAE04EC0-301F-11D3-BF4B-00C04F79EFBC}") = "TraderApp.Api", "TraderApp.Api\TraderApp.Api.csproj", "{0100E33E-5192-4EA6-B2EB-B1FEAF974E3B}"
EndProject
Project("{2150E333-8FDC-42A3-9474-1A3956D46DE8}") = "src", "src", "{6EAE2BD1-33D2-4F62-8B61-5C5291F41E4D}"
EndProject
Project("{2150E333-8FDC-42A3-9474-1A3956D46DE8}") = "tests", "tests", "{256A7E54-8FAC-4A03-A410-CFEE61CEB924}"
EndProject
Project("{FAE04EC0-301F-11D3-BF4B-00C04F79EFBC}") = "TraderApp.Application", "TraderApp.Application\TraderApp.Application.csproj", "{ECE4EF40-C112-495B-A1FC-731907D2F73D}"
EndProject
Project("{FAE04EC0-301F-11D3-BF4B-00C04F79EFBC}") = "TraderApp.Domain", "TraderApp.Domain\TraderApp.Domain.csproj", "{0C023FEE-AC8A-4B3F-A519-0D090B0B5B6D}"
EndProject
Project("{FAE04EC0-301F-11D3-BF4B-00C04F79EFBC}") = "TraderApp.Infrastructure", "TraderApp.Infrastructure\TraderApp.Infrastructure.csproj", "{82F405A6-261A-4634-80E5-2A34D88F2BE8}"
EndProject
Project("{FAE04EC0-301F-11D3-BF4B-00C04F79EFBC}") = "TraderApp.Application.UnitTests", "TraderApp.Application.UnitTests\TraderApp.Application.UnitTests.csproj", "{647C415D-6B21-43B3-A4D0-63018C683044}"
EndProject
Project("{FAE04EC0-301F-11D3-BF4B-00C04F79EFBC}") = "TraderApp.Domain.UnitTests", "TraderApp.Domain.UnitTests\TraderApp.Domain.UnitTests.csproj", "{F9396822-9822-4889-92B1-8172BB10390A}"
EndProject
Project("{FAE04EC0-301F-11D3-BF4B-00C04F79EFBC}") = "TraderApp.Infrastructure.UnitTests", "TraderApp.Infrastructure.UnitTests\TraderApp.Infrastructure.UnitTests.csproj", "{5820507A-BA02-4203-8FCF-7D5DAA194855}"
EndProject
Project("{FAE04EC0-301F-11D3-BF4B-00C04F79EFBC}") = "TraderApp.Api.UnitTests", "TraderApp.Api.UnitTests\TraderApp.Api.UnitTests.csproj", "{54142601-B3D3-478D-A67F-B541F64BDA1B}"
EndProject
Project("{2150E333-8FDC-42A3-9474-1A3956D46DE8}") = "shared", "shared", "{8EE8B4B7-7869-4A26-96B2-3E97818A0AB1}"
EndProject
Project("{FAE04EC0-301F-11D3-BF4B-00C04F79EFBC}") = "TraderApp.FunctionApp", "TraderApp.FunctionApp\TraderApp.FunctionApp.csproj", "{28E934BF-DAD5-41CE-B18F-6C4D63D153E2}"
EndProject
Project("{FAE04EC0-301F-11D3-BF4B-00C04F79EFBC}") = "TraderApp.Shared", "TraderApp.Shared\TraderApp.Shared.csproj", "{C6F2562B-0420-48FC-85FE-0386EE357F5D}"
EndProject
Global
	GlobalSection(SolutionConfigurationPlatforms) = preSolution
		Debug|Any CPU = Debug|Any CPU
		Release|Any CPU = Release|Any CPU
	EndGlobalSection
	GlobalSection(ProjectConfigurationPlatforms) = postSolution
		{0100E33E-5192-4EA6-B2EB-B1FEAF974E3B}.Debug|Any CPU.ActiveCfg = Debug|Any CPU
		{0100E33E-5192-4EA6-B2EB-B1FEAF974E3B}.Debug|Any CPU.Build.0 = Debug|Any CPU
		{0100E33E-5192-4EA6-B2EB-B1FEAF974E3B}.Release|Any CPU.ActiveCfg = Release|Any CPU
		{0100E33E-5192-4EA6-B2EB-B1FEAF974E3B}.Release|Any CPU.Build.0 = Release|Any CPU
		{ECE4EF40-C112-495B-A1FC-731907D2F73D}.Debug|Any CPU.ActiveCfg = Debug|Any CPU
		{ECE4EF40-C112-495B-A1FC-731907D2F73D}.Debug|Any CPU.Build.0 = Debug|Any CPU
		{ECE4EF40-C112-495B-A1FC-731907D2F73D}.Release|Any CPU.ActiveCfg = Release|Any CPU
		{ECE4EF40-C112-495B-A1FC-731907D2F73D}.Release|Any CPU.Build.0 = Release|Any CPU
		{0C023FEE-AC8A-4B3F-A519-0D090B0B5B6D}.Debug|Any CPU.ActiveCfg = Debug|Any CPU
		{0C023FEE-AC8A-4B3F-A519-0D090B0B5B6D}.Debug|Any CPU.Build.0 = Debug|Any CPU
		{0C023FEE-AC8A-4B3F-A519-0D090B0B5B6D}.Release|Any CPU.ActiveCfg = Release|Any CPU
		{0C023FEE-AC8A-4B3F-A519-0D090B0B5B6D}.Release|Any CPU.Build.0 = Release|Any CPU
		{82F405A6-261A-4634-80E5-2A34D88F2BE8}.Debug|Any CPU.ActiveCfg = Debug|Any CPU
		{82F405A6-261A-4634-80E5-2A34D88F2BE8}.Debug|Any CPU.Build.0 = Debug|Any CPU
		{82F405A6-261A-4634-80E5-2A34D88F2BE8}.Release|Any CPU.ActiveCfg = Release|Any CPU
		{82F405A6-261A-4634-80E5-2A34D88F2BE8}.Release|Any CPU.Build.0 = Release|Any CPU
		{647C415D-6B21-43B3-A4D0-63018C683044}.Debug|Any CPU.ActiveCfg = Debug|Any CPU
		{647C415D-6B21-43B3-A4D0-63018C683044}.Debug|Any CPU.Build.0 = Debug|Any CPU
		{647C415D-6B21-43B3-A4D0-63018C683044}.Release|Any CPU.ActiveCfg = Release|Any CPU
		{647C415D-6B21-43B3-A4D0-63018C683044}.Release|Any CPU.Build.0 = Release|Any CPU
		{F9396822-9822-4889-92B1-8172BB10390A}.Debug|Any CPU.ActiveCfg = Debug|Any CPU
		{F9396822-9822-4889-92B1-8172BB10390A}.Debug|Any CPU.Build.0 = Debug|Any CPU
		{F9396822-9822-4889-92B1-8172BB10390A}.Release|Any CPU.ActiveCfg = Release|Any CPU
		{F9396822-9822-4889-92B1-8172BB10390A}.Release|Any CPU.Build.0 = Release|Any CPU
		{5820507A-BA02-4203-8FCF-7D5DAA194855}.Debug|Any CPU.ActiveCfg = Debug|Any CPU
		{5820507A-BA02-4203-8FCF-7D5DAA194855}.Debug|Any CPU.Build.0 = Debug|Any CPU
		{5820507A-BA02-4203-8FCF-7D5DAA194855}.Release|Any CPU.ActiveCfg = Release|Any CPU
		{5820507A-BA02-4203-8FCF-7D5DAA194855}.Release|Any CPU.Build.0 = Release|Any CPU
		{54142601-B3D3-478D-A67F-B541F64BDA1B}.Debug|Any CPU.ActiveCfg = Debug|Any CPU
		{54142601-B3D3-478D-A67F-B541F64BDA1B}.Debug|Any CPU.Build.0 = Debug|Any CPU
		{54142601-B3D3-478D-A67F-B541F64BDA1B}.Release|Any CPU.ActiveCfg = Release|Any CPU
		{54142601-B3D3-478D-A67F-B541F64BDA1B}.Release|Any CPU.Build.0 = Release|Any CPU
		{28E934BF-DAD5-41CE-B18F-6C4D63D153E2}.Debug|Any CPU.ActiveCfg = Debug|Any CPU
		{28E934BF-DAD5-41CE-B18F-6C4D63D153E2}.Debug|Any CPU.Build.0 = Debug|Any CPU
		{28E934BF-DAD5-41CE-B18F-6C4D63D153E2}.Release|Any CPU.ActiveCfg = Release|Any CPU
		{28E934BF-DAD5-41CE-B18F-6C4D63D153E2}.Release|Any CPU.Build.0 = Release|Any CPU
		{C6F2562B-0420-48FC-85FE-0386EE357F5D}.Debug|Any CPU.ActiveCfg = Debug|Any CPU
		{C6F2562B-0420-48FC-85FE-0386EE357F5D}.Debug|Any CPU.Build.0 = Debug|Any CPU
		{C6F2562B-0420-48FC-85FE-0386EE357F5D}.Release|Any CPU.ActiveCfg = Release|Any CPU
		{C6F2562B-0420-48FC-85FE-0386EE357F5D}.Release|Any CPU.Build.0 = Release|Any CPU
	EndGlobalSection
	GlobalSection(NestedProjects) = preSolution
		{0100E33E-5192-4EA6-B2EB-B1FEAF974E3B} = {6EAE2BD1-33D2-4F62-8B61-5C5291F41E4D}
		{ECE4EF40-C112-495B-A1FC-731907D2F73D} = {6EAE2BD1-33D2-4F62-8B61-5C5291F41E4D}
		{0C023FEE-AC8A-4B3F-A519-0D090B0B5B6D} = {6EAE2BD1-33D2-4F62-8B61-5C5291F41E4D}
		{82F405A6-261A-4634-80E5-2A34D88F2BE8} = {6EAE2BD1-33D2-4F62-8B61-5C5291F41E4D}
		{647C415D-6B21-43B3-A4D0-63018C683044} = {256A7E54-8FAC-4A03-A410-CFEE61CEB924}
		{F9396822-9822-4889-92B1-8172BB10390A} = {256A7E54-8FAC-4A03-A410-CFEE61CEB924}
		{5820507A-BA02-4203-8FCF-7D5DAA194855} = {256A7E54-8FAC-4A03-A410-CFEE61CEB924}
		{54142601-B3D3-478D-A67F-B541F64BDA1B} = {256A7E54-8FAC-4A03-A410-CFEE61CEB924}
		{8EE8B4B7-7869-4A26-96B2-3E97818A0AB1} = {6EAE2BD1-33D2-4F62-8B61-5C5291F41E4D}
		{28E934BF-DAD5-41CE-B18F-6C4D63D153E2} = {6EAE2BD1-33D2-4F62-8B61-5C5291F41E4D}
		{C6F2562B-0420-48FC-85FE-0386EE357F5D} = {8EE8B4B7-7869-4A26-96B2-3E97818A0AB1}
	EndGlobalSection
EndGlobal
